<?xml version="1.0" encoding="UTF-8"?>
<!DOCTYPE plist PUBLIC "-//Apple//DTD PLIST 1.0//EN" "http://www.apple.com/DTDs/PropertyList-1.0.dtd">
<plist version="1.0">
<dict>
	<key>archiveVersion</key>
	<string>1</string>
	<key>classes</key>
	<dict/>
	<key>objectVersion</key>
	<string>46</string>
	<key>objects</key>
	<dict>
		<key>002BF6BC0E32911738A15E17</key>
		<dict>
			<key>buildActionMask</key>
			<string>2147483647</string>
			<key>files</key>
			<array/>
			<key>inputPaths</key>
			<array/>
			<key>isa</key>
			<string>PBXShellScriptBuildPhase</string>
			<key>name</key>
			<string>Embed Pods Frameworks</string>
			<key>outputPaths</key>
			<array/>
			<key>runOnlyForDeploymentPostprocessing</key>
			<string>0</string>
			<key>shellPath</key>
			<string>/bin/sh</string>
			<key>shellScript</key>
			<string>"${SRCROOT}/Pods/Target Support Files/Pods-Instagram/Pods-Instagram-frameworks.sh"
</string>
			<key>showEnvVarsInLog</key>
			<string>0</string>
		</dict>
		<key>057C231D72393F210C381C96</key>
		<dict>
			<key>explicitFileType</key>
			<string>archive.ar</string>
			<key>includeInIndex</key>
			<string>0</string>
			<key>isa</key>
			<string>PBXFileReference</string>
			<key>path</key>
			<string>libPods-Instagram.a</string>
			<key>sourceTree</key>
			<string>BUILT_PRODUCTS_DIR</string>
		</dict>
		<key>2F0B99691D183C24002D555F</key>
		<dict>
			<key>fileEncoding</key>
			<string>4</string>
			<key>isa</key>
			<string>PBXFileReference</string>
			<key>lastKnownFileType</key>
			<string>text.plist.xml</string>
			<key>path</key>
			<string>GoogleService-Info.plist</string>
			<key>sourceTree</key>
			<string>&lt;group&gt;</string>
		</dict>
		<key>2F0B996A1D183C24002D555F</key>
		<dict>
			<key>fileRef</key>
			<string>2F0B99691D183C24002D555F</string>
			<key>isa</key>
			<string>PBXBuildFile</string>
		</dict>
		<key>2F1823A91D19B2D200281F28</key>
		<dict>
			<key>fileEncoding</key>
			<string>4</string>
			<key>isa</key>
			<string>PBXFileReference</string>
			<key>lastKnownFileType</key>
			<string>file.storyboard</string>
			<key>path</key>
			<string>Start.storyboard</string>
			<key>sourceTree</key>
			<string>&lt;group&gt;</string>
		</dict>
		<key>2F1823AA1D19B2D200281F28</key>
		<dict>
			<key>fileRef</key>
			<string>2F1823A91D19B2D200281F28</string>
			<key>isa</key>
			<string>PBXBuildFile</string>
		</dict>
		<key>2F1823AB1D19B36300281F28</key>
		<dict>
			<key>fileEncoding</key>
			<string>4</string>
			<key>isa</key>
			<string>PBXFileReference</string>
			<key>lastKnownFileType</key>
			<string>sourcecode.swift</string>
			<key>path</key>
			<string>StartViewController.swift</string>
			<key>sourceTree</key>
			<string>&lt;group&gt;</string>
		</dict>
		<key>2F1823AC1D19B36300281F28</key>
		<dict>
			<key>fileRef</key>
			<string>2F1823AB1D19B36300281F28</string>
			<key>isa</key>
			<string>PBXBuildFile</string>
		</dict>
		<key>2F2A73C31D1ADB0A00939535</key>
		<dict>
			<key>fileEncoding</key>
			<string>4</string>
			<key>isa</key>
			<string>PBXFileReference</string>
			<key>lastKnownFileType</key>
			<string>sourcecode.swift</string>
			<key>path</key>
			<string>NewAccountViewController.swift</string>
			<key>sourceTree</key>
			<string>&lt;group&gt;</string>
		</dict>
		<key>2F2A73C41D1ADB0A00939535</key>
		<dict>
			<key>fileRef</key>
			<string>2F2A73C31D1ADB0A00939535</string>
			<key>isa</key>
			<string>PBXBuildFile</string>
		</dict>
		<key>2F2A73C51D1B225B00939535</key>
		<dict>
			<key>fileEncoding</key>
			<string>4</string>
			<key>isa</key>
			<string>PBXFileReference</string>
			<key>lastKnownFileType</key>
			<string>sourcecode.swift</string>
			<key>path</key>
			<string>TabViewController.swift</string>
			<key>sourceTree</key>
			<string>&lt;group&gt;</string>
		</dict>
		<key>2F2A73C61D1B225B00939535</key>
		<dict>
			<key>fileRef</key>
			<string>2F2A73C51D1B225B00939535</string>
			<key>isa</key>
			<string>PBXBuildFile</string>
		</dict>
		<key>2F516AF81D134B4C0078F8AA</key>
		<dict>
			<key>children</key>
			<array>
				<string>2F516B031D134B4C0078F8AA</string>
				<string>2F516B021D134B4C0078F8AA</string>
				<string>66ED39770755EF02891F256B</string>
				<string>9CF3C4C4A532B3ED4FFD8502</string>
			</array>
			<key>isa</key>
			<string>PBXGroup</string>
			<key>sourceTree</key>
			<string>&lt;group&gt;</string>
		</dict>
		<key>2F516AF91D134B4C0078F8AA</key>
		<dict>
			<key>attributes</key>
			<dict>
				<key>LastSwiftUpdateCheck</key>
				<string>0730</string>
				<key>LastUpgradeCheck</key>
				<string>0730</string>
				<key>ORGANIZATIONNAME</key>
				<string>Andrew Bihl</string>
				<key>TargetAttributes</key>
				<dict>
					<key>2F516B001D134B4C0078F8AA</key>
					<dict>
						<key>CreatedOnToolsVersion</key>
						<string>7.3</string>
						<key>DevelopmentTeam</key>
						<string>7X792YNE2M</string>
					</dict>
				</dict>
			</dict>
			<key>buildConfigurationList</key>
			<string>2F516AFC1D134B4C0078F8AA</string>
			<key>compatibilityVersion</key>
			<string>Xcode 3.2</string>
			<key>developmentRegion</key>
			<string>English</string>
			<key>hasScannedForEncodings</key>
			<string>0</string>
			<key>isa</key>
			<string>PBXProject</string>
			<key>knownRegions</key>
			<array>
				<string>en</string>
				<string>Base</string>
			</array>
			<key>mainGroup</key>
			<string>2F516AF81D134B4C0078F8AA</string>
			<key>productRefGroup</key>
			<string>2F516B021D134B4C0078F8AA</string>
			<key>projectDirPath</key>
			<string></string>
			<key>projectReferences</key>
			<array/>
			<key>projectRoot</key>
			<string></string>
			<key>targets</key>
			<array>
				<string>2F516B001D134B4C0078F8AA</string>
			</array>
		</dict>
		<key>2F516AFC1D134B4C0078F8AA</key>
		<dict>
			<key>buildConfigurations</key>
			<array>
				<string>2F516B141D134B4C0078F8AA</string>
				<string>2F516B151D134B4C0078F8AA</string>
			</array>
			<key>defaultConfigurationIsVisible</key>
			<string>0</string>
			<key>defaultConfigurationName</key>
			<string>Release</string>
			<key>isa</key>
			<string>XCConfigurationList</string>
		</dict>
		<key>2F516AFD1D134B4C0078F8AA</key>
		<dict>
			<key>buildActionMask</key>
			<string>2147483647</string>
			<key>files</key>
			<array>
				<string>A8A999AD1D160DFF004250FB</string>
				<string>2F1823AC1D19B36300281F28</string>
				<string>2F516B1E1D134E0D0078F8AA</string>
				<string>A86F3B5A1D1890E300C7C2B8</string>
				<string>A8A999B11D172ADC004250FB</string>
				<string>A86F3B5C1D19EA4500C7C2B8</string>
				<string>2F516B1C1D134D940078F8AA</string>
				<string>2F516B071D134B4C0078F8AA</string>
				<string>2F2A73C61D1B225B00939535</string>
				<string>2F516B1A1D134D560078F8AA</string>
				<string>2F516B0D1D134B4C0078F8AA</string>
				<string>A86F3B581D188C2B00C7C2B8</string>
				<string>2F516B051D134B4C0078F8AA</string>
				<string>A86F3B291D173CFF00C7C2B8</string>
				<string>2F516B221D134E810078F8AA</string>
				<string>2F516B201D134E560078F8AA</string>
				<string>2FDA984F1D1883480014CFF8</string>
				<string>A8A999AB1D160C4B004250FB</string>
				<string>A8A999AF1D160E15004250FB</string>
				<string>2F2A73C41D1ADB0A00939535</string>
			</array>
			<key>isa</key>
			<string>PBXSourcesBuildPhase</string>
			<key>runOnlyForDeploymentPostprocessing</key>
			<string>0</string>
		</dict>
		<key>2F516AFE1D134B4C0078F8AA</key>
		<dict>
			<key>buildActionMask</key>
			<string>2147483647</string>
			<key>files</key>
			<array>
				<string>DDAB5814932ADB72CA5D8E6A</string>
			</array>
			<key>isa</key>
			<string>PBXFrameworksBuildPhase</string>
			<key>runOnlyForDeploymentPostprocessing</key>
			<string>0</string>
		</dict>
		<key>2F516AFF1D134B4C0078F8AA</key>
		<dict>
			<key>buildActionMask</key>
			<string>2147483647</string>
			<key>files</key>
			<array>
				<string>A86F3B561D1852A200C7C2B8</string>
				<string>2F516B121D134B4C0078F8AA</string>
				<string>2F0B996A1D183C24002D555F</string>
				<string>2F516B0F1D134B4C0078F8AA</string>
				<string>2FDA984B1D1873150014CFF8</string>
				<string>2F1823AA1D19B2D200281F28</string>
			</array>
			<key>isa</key>
			<string>PBXResourcesBuildPhase</string>
			<key>runOnlyForDeploymentPostprocessing</key>
			<string>0</string>
		</dict>
		<key>2F516B001D134B4C0078F8AA</key>
		<dict>
			<key>buildConfigurationList</key>
			<string>2F516B161D134B4C0078F8AA</string>
			<key>buildPhases</key>
			<array>
				<string>D29422F87E7BDA9A36A43A3C</string>
				<string>2F516AFD1D134B4C0078F8AA</string>
				<string>2F516AFE1D134B4C0078F8AA</string>
				<string>2F516AFF1D134B4C0078F8AA</string>
				<string>953FA68982A63D79B73A4E87</string>
				<string>CE086345625BB77D03749E0B</string>
				<string>002BF6BC0E32911738A15E17</string>
			</array>
			<key>buildRules</key>
			<array/>
			<key>dependencies</key>
			<array/>
			<key>isa</key>
			<string>PBXNativeTarget</string>
			<key>name</key>
			<string>Instagram</string>
			<key>productName</key>
			<string>Instagram</string>
			<key>productReference</key>
			<string>2F516B011D134B4C0078F8AA</string>
			<key>productType</key>
			<string>com.apple.product-type.application</string>
		</dict>
		<key>2F516B011D134B4C0078F8AA</key>
		<dict>
			<key>explicitFileType</key>
			<string>wrapper.application</string>
			<key>includeInIndex</key>
			<string>0</string>
			<key>isa</key>
			<string>PBXFileReference</string>
			<key>path</key>
			<string>Instagram.app</string>
			<key>sourceTree</key>
			<string>BUILT_PRODUCTS_DIR</string>
		</dict>
		<key>2F516B021D134B4C0078F8AA</key>
		<dict>
			<key>children</key>
			<array>
				<string>2F516B011D134B4C0078F8AA</string>
			</array>
			<key>isa</key>
			<string>PBXGroup</string>
			<key>name</key>
			<string>Products</string>
			<key>sourceTree</key>
			<string>&lt;group&gt;</string>
		</dict>
		<key>2F516B031D134B4C0078F8AA</key>
		<dict>
			<key>children</key>
			<array>
				<string>2F516B041D134B4C0078F8AA</string>
				<string>2F516B061D134B4C0078F8AA</string>
				<string>2F1823A91D19B2D200281F28</string>
				<string>2F2A73C51D1B225B00939535</string>
				<string>2F2A73C31D1ADB0A00939535</string>
				<string>2F1823AB1D19B36300281F28</string>
				<string>A86F3B541D1852A200C7C2B8</string>
				<string>2FDA984A1D1873150014CFF8</string>
				<string>2FDA984E1D1883480014CFF8</string>
				<string>A8A999A91D160C28004250FB</string>
				<string>2F516B1F1D134E560078F8AA</string>
				<string>2F516B1D1D134E0D0078F8AA</string>
				<string>2F516B1B1D134D940078F8AA</string>
				<string>2F516B191D134D560078F8AA</string>
				<string>2F516B0E1D134B4C0078F8AA</string>
				<string>2F516B101D134B4C0078F8AA</string>
				<string>2F0B99691D183C24002D555F</string>
				<string>2F516B131D134B4C0078F8AA</string>
				<string>2F516B0B1D134B4C0078F8AA</string>
			</array>
			<key>isa</key>
			<string>PBXGroup</string>
			<key>path</key>
			<string>Instagram</string>
			<key>sourceTree</key>
			<string>&lt;group&gt;</string>
		</dict>
		<key>2F516B041D134B4C0078F8AA</key>
		<dict>
			<key>isa</key>
			<string>PBXFileReference</string>
			<key>lastKnownFileType</key>
			<string>sourcecode.swift</string>
			<key>path</key>
			<string>AppDelegate.swift</string>
			<key>sourceTree</key>
			<string>&lt;group&gt;</string>
		</dict>
		<key>2F516B051D134B4C0078F8AA</key>
		<dict>
			<key>fileRef</key>
			<string>2F516B041D134B4C0078F8AA</string>
			<key>isa</key>
			<string>PBXBuildFile</string>
		</dict>
		<key>2F516B061D134B4C0078F8AA</key>
		<dict>
			<key>isa</key>
			<string>PBXFileReference</string>
			<key>lastKnownFileType</key>
			<string>sourcecode.swift</string>
			<key>path</key>
			<string>ViewController.swift</string>
			<key>sourceTree</key>
			<string>&lt;group&gt;</string>
		</dict>
		<key>2F516B071D134B4C0078F8AA</key>
		<dict>
			<key>fileRef</key>
			<string>2F516B061D134B4C0078F8AA</string>
			<key>isa</key>
			<string>PBXBuildFile</string>
		</dict>
		<key>2F516B0B1D134B4C0078F8AA</key>
		<dict>
			<key>children</key>
			<array>
				<string>2F516B0C1D134B4C0078F8AA</string>
			</array>
			<key>currentVersion</key>
			<string>2F516B0C1D134B4C0078F8AA</string>
			<key>isa</key>
			<string>XCVersionGroup</string>
			<key>path</key>
			<string>Instagram.xcdatamodeld</string>
			<key>sourceTree</key>
			<string>&lt;group&gt;</string>
			<key>versionGroupType</key>
			<string>wrapper.xcdatamodel</string>
		</dict>
		<key>2F516B0C1D134B4C0078F8AA</key>
		<dict>
			<key>isa</key>
			<string>PBXFileReference</string>
			<key>lastKnownFileType</key>
			<string>wrapper.xcdatamodel</string>
			<key>path</key>
			<string>Instagram.xcdatamodel</string>
			<key>sourceTree</key>
			<string>&lt;group&gt;</string>
		</dict>
		<key>2F516B0D1D134B4C0078F8AA</key>
		<dict>
			<key>fileRef</key>
			<string>2F516B0B1D134B4C0078F8AA</string>
			<key>isa</key>
			<string>PBXBuildFile</string>
		</dict>
		<key>2F516B0E1D134B4C0078F8AA</key>
		<dict>
			<key>isa</key>
			<string>PBXFileReference</string>
			<key>lastKnownFileType</key>
			<string>folder.assetcatalog</string>
			<key>path</key>
			<string>Assets.xcassets</string>
			<key>sourceTree</key>
			<string>&lt;group&gt;</string>
		</dict>
		<key>2F516B0F1D134B4C0078F8AA</key>
		<dict>
			<key>fileRef</key>
			<string>2F516B0E1D134B4C0078F8AA</string>
			<key>isa</key>
			<string>PBXBuildFile</string>
		</dict>
		<key>2F516B101D134B4C0078F8AA</key>
		<dict>
			<key>children</key>
			<array>
				<string>2F516B111D134B4C0078F8AA</string>
			</array>
			<key>isa</key>
			<string>PBXVariantGroup</string>
			<key>name</key>
			<string>LaunchScreen.storyboard</string>
			<key>sourceTree</key>
			<string>&lt;group&gt;</string>
		</dict>
		<key>2F516B111D134B4C0078F8AA</key>
		<dict>
			<key>isa</key>
			<string>PBXFileReference</string>
			<key>lastKnownFileType</key>
			<string>file.storyboard</string>
			<key>name</key>
			<string>Base</string>
			<key>path</key>
			<string>Base.lproj/LaunchScreen.storyboard</string>
			<key>sourceTree</key>
			<string>&lt;group&gt;</string>
		</dict>
		<key>2F516B121D134B4C0078F8AA</key>
		<dict>
			<key>fileRef</key>
			<string>2F516B101D134B4C0078F8AA</string>
			<key>isa</key>
			<string>PBXBuildFile</string>
		</dict>
		<key>2F516B131D134B4C0078F8AA</key>
		<dict>
			<key>isa</key>
			<string>PBXFileReference</string>
			<key>lastKnownFileType</key>
			<string>text.plist.xml</string>
			<key>path</key>
			<string>Info.plist</string>
			<key>sourceTree</key>
			<string>&lt;group&gt;</string>
		</dict>
		<key>2F516B141D134B4C0078F8AA</key>
		<dict>
			<key>buildSettings</key>
			<dict>
				<key>ALWAYS_SEARCH_USER_PATHS</key>
				<string>NO</string>
				<key>CLANG_ANALYZER_NONNULL</key>
				<string>YES</string>
				<key>CLANG_CXX_LANGUAGE_STANDARD</key>
				<string>gnu++0x</string>
				<key>CLANG_CXX_LIBRARY</key>
				<string>libc++</string>
				<key>CLANG_ENABLE_MODULES</key>
				<string>YES</string>
				<key>CLANG_ENABLE_OBJC_ARC</key>
				<string>YES</string>
				<key>CLANG_WARN_BOOL_CONVERSION</key>
				<string>YES</string>
				<key>CLANG_WARN_CONSTANT_CONVERSION</key>
				<string>YES</string>
				<key>CLANG_WARN_DIRECT_OBJC_ISA_USAGE</key>
				<string>YES_ERROR</string>
				<key>CLANG_WARN_EMPTY_BODY</key>
				<string>YES</string>
				<key>CLANG_WARN_ENUM_CONVERSION</key>
				<string>YES</string>
				<key>CLANG_WARN_INT_CONVERSION</key>
				<string>YES</string>
				<key>CLANG_WARN_OBJC_ROOT_CLASS</key>
				<string>YES_ERROR</string>
				<key>CLANG_WARN_UNREACHABLE_CODE</key>
				<string>YES</string>
				<key>CLANG_WARN__DUPLICATE_METHOD_MATCH</key>
				<string>YES</string>
				<key>CODE_SIGN_IDENTITY[sdk=iphoneos*]</key>
				<string>iPhone Developer</string>
				<key>COPY_PHASE_STRIP</key>
				<string>NO</string>
				<key>DEBUG_INFORMATION_FORMAT</key>
				<string>dwarf</string>
				<key>ENABLE_STRICT_OBJC_MSGSEND</key>
				<string>YES</string>
				<key>ENABLE_TESTABILITY</key>
				<string>YES</string>
				<key>GCC_C_LANGUAGE_STANDARD</key>
				<string>gnu99</string>
				<key>GCC_DYNAMIC_NO_PIC</key>
				<string>NO</string>
				<key>GCC_NO_COMMON_BLOCKS</key>
				<string>YES</string>
				<key>GCC_OPTIMIZATION_LEVEL</key>
				<string>0</string>
				<key>GCC_PREPROCESSOR_DEFINITIONS</key>
				<array>
					<string>DEBUG=1</string>
					<string>$(inherited)</string>
				</array>
				<key>GCC_WARN_64_TO_32_BIT_CONVERSION</key>
				<string>YES</string>
				<key>GCC_WARN_ABOUT_RETURN_TYPE</key>
				<string>YES_ERROR</string>
				<key>GCC_WARN_UNDECLARED_SELECTOR</key>
				<string>YES</string>
				<key>GCC_WARN_UNINITIALIZED_AUTOS</key>
				<string>YES_AGGRESSIVE</string>
				<key>GCC_WARN_UNUSED_FUNCTION</key>
				<string>YES</string>
				<key>GCC_WARN_UNUSED_VARIABLE</key>
				<string>YES</string>
				<key>IPHONEOS_DEPLOYMENT_TARGET</key>
				<string>9.3</string>
				<key>MTL_ENABLE_DEBUG_INFO</key>
				<string>YES</string>
				<key>ONLY_ACTIVE_ARCH</key>
				<string>YES</string>
				<key>SDKROOT</key>
				<string>iphoneos</string>
				<key>SWIFT_OPTIMIZATION_LEVEL</key>
				<string>-Onone</string>
				<key>TARGETED_DEVICE_FAMILY</key>
				<string>1,2</string>
			</dict>
			<key>isa</key>
			<string>XCBuildConfiguration</string>
			<key>name</key>
			<string>Debug</string>
		</dict>
		<key>2F516B151D134B4C0078F8AA</key>
		<dict>
			<key>buildSettings</key>
			<dict>
				<key>ALWAYS_SEARCH_USER_PATHS</key>
				<string>NO</string>
				<key>CLANG_ANALYZER_NONNULL</key>
				<string>YES</string>
				<key>CLANG_CXX_LANGUAGE_STANDARD</key>
				<string>gnu++0x</string>
				<key>CLANG_CXX_LIBRARY</key>
				<string>libc++</string>
				<key>CLANG_ENABLE_MODULES</key>
				<string>YES</string>
				<key>CLANG_ENABLE_OBJC_ARC</key>
				<string>YES</string>
				<key>CLANG_WARN_BOOL_CONVERSION</key>
				<string>YES</string>
				<key>CLANG_WARN_CONSTANT_CONVERSION</key>
				<string>YES</string>
				<key>CLANG_WARN_DIRECT_OBJC_ISA_USAGE</key>
				<string>YES_ERROR</string>
				<key>CLANG_WARN_EMPTY_BODY</key>
				<string>YES</string>
				<key>CLANG_WARN_ENUM_CONVERSION</key>
				<string>YES</string>
				<key>CLANG_WARN_INT_CONVERSION</key>
				<string>YES</string>
				<key>CLANG_WARN_OBJC_ROOT_CLASS</key>
				<string>YES_ERROR</string>
				<key>CLANG_WARN_UNREACHABLE_CODE</key>
				<string>YES</string>
				<key>CLANG_WARN__DUPLICATE_METHOD_MATCH</key>
				<string>YES</string>
				<key>CODE_SIGN_IDENTITY[sdk=iphoneos*]</key>
				<string>iPhone Developer</string>
				<key>COPY_PHASE_STRIP</key>
				<string>NO</string>
				<key>DEBUG_INFORMATION_FORMAT</key>
				<string>dwarf-with-dsym</string>
				<key>ENABLE_NS_ASSERTIONS</key>
				<string>NO</string>
				<key>ENABLE_STRICT_OBJC_MSGSEND</key>
				<string>YES</string>
				<key>GCC_C_LANGUAGE_STANDARD</key>
				<string>gnu99</string>
				<key>GCC_NO_COMMON_BLOCKS</key>
				<string>YES</string>
				<key>GCC_WARN_64_TO_32_BIT_CONVERSION</key>
				<string>YES</string>
				<key>GCC_WARN_ABOUT_RETURN_TYPE</key>
				<string>YES_ERROR</string>
				<key>GCC_WARN_UNDECLARED_SELECTOR</key>
				<string>YES</string>
				<key>GCC_WARN_UNINITIALIZED_AUTOS</key>
				<string>YES_AGGRESSIVE</string>
				<key>GCC_WARN_UNUSED_FUNCTION</key>
				<string>YES</string>
				<key>GCC_WARN_UNUSED_VARIABLE</key>
				<string>YES</string>
				<key>IPHONEOS_DEPLOYMENT_TARGET</key>
				<string>9.3</string>
				<key>MTL_ENABLE_DEBUG_INFO</key>
				<string>NO</string>
				<key>SDKROOT</key>
				<string>iphoneos</string>
				<key>TARGETED_DEVICE_FAMILY</key>
				<string>1,2</string>
				<key>VALIDATE_PRODUCT</key>
				<string>YES</string>
			</dict>
			<key>isa</key>
			<string>XCBuildConfiguration</string>
			<key>name</key>
			<string>Release</string>
		</dict>
		<key>2F516B161D134B4C0078F8AA</key>
		<dict>
			<key>buildConfigurations</key>
			<array>
				<string>2F516B171D134B4C0078F8AA</string>
				<string>2F516B181D134B4C0078F8AA</string>
			</array>
			<key>defaultConfigurationIsVisible</key>
			<string>0</string>
			<key>defaultConfigurationName</key>
			<string>Release</string>
			<key>isa</key>
			<string>XCConfigurationList</string>
		</dict>
		<key>2F516B171D134B4C0078F8AA</key>
		<dict>
			<key>baseConfigurationReference</key>
			<string>7C6401245C2EC354216FF573</string>
			<key>buildSettings</key>
			<dict>
				<key>ASSETCATALOG_COMPILER_APPICON_NAME</key>
				<string>AppIcon</string>
				<key>INFOPLIST_FILE</key>
				<string>Instagram/Info.plist</string>
				<key>LD_RUNPATH_SEARCH_PATHS</key>
				<string>$(inherited) @executable_path/Frameworks</string>
				<key>PRODUCT_BUNDLE_IDENTIFIER</key>
				<string>com.andrewbihl.Instagram</string>
				<key>PRODUCT_NAME</key>
				<string>$(TARGET_NAME)</string>
			</dict>
			<key>isa</key>
			<string>XCBuildConfiguration</string>
			<key>name</key>
			<string>Debug</string>
		</dict>
		<key>2F516B181D134B4C0078F8AA</key>
		<dict>
			<key>baseConfigurationReference</key>
			<string>5CD09523AC7E7C692313B2E9</string>
			<key>buildSettings</key>
			<dict>
				<key>ASSETCATALOG_COMPILER_APPICON_NAME</key>
				<string>AppIcon</string>
				<key>INFOPLIST_FILE</key>
				<string>Instagram/Info.plist</string>
				<key>LD_RUNPATH_SEARCH_PATHS</key>
				<string>$(inherited) @executable_path/Frameworks</string>
				<key>PRODUCT_BUNDLE_IDENTIFIER</key>
				<string>com.andrewbihl.Instagram</string>
				<key>PRODUCT_NAME</key>
				<string>$(TARGET_NAME)</string>
			</dict>
			<key>isa</key>
			<string>XCBuildConfiguration</string>
			<key>name</key>
			<string>Release</string>
		</dict>
		<key>2F516B191D134D560078F8AA</key>
		<dict>
			<key>fileEncoding</key>
			<string>4</string>
			<key>isa</key>
			<string>PBXFileReference</string>
			<key>lastKnownFileType</key>
			<string>sourcecode.swift</string>
			<key>path</key>
			<string>CameraViewController.swift</string>
			<key>sourceTree</key>
			<string>&lt;group&gt;</string>
		</dict>
		<key>2F516B1A1D134D560078F8AA</key>
		<dict>
			<key>fileRef</key>
			<string>2F516B191D134D560078F8AA</string>
			<key>isa</key>
			<string>PBXBuildFile</string>
		</dict>
		<key>2F516B1B1D134D940078F8AA</key>
		<dict>
			<key>fileEncoding</key>
			<string>4</string>
			<key>isa</key>
			<string>PBXFileReference</string>
			<key>lastKnownFileType</key>
			<string>sourcecode.swift</string>
			<key>path</key>
			<string>HomeViewController.swift</string>
			<key>sourceTree</key>
			<string>&lt;group&gt;</string>
		</dict>
		<key>2F516B1C1D134D940078F8AA</key>
		<dict>
			<key>fileRef</key>
			<string>2F516B1B1D134D940078F8AA</string>
			<key>isa</key>
			<string>PBXBuildFile</string>
		</dict>
		<key>2F516B1D1D134E0D0078F8AA</key>
		<dict>
			<key>fileEncoding</key>
			<string>4</string>
			<key>isa</key>
			<string>PBXFileReference</string>
			<key>lastKnownFileType</key>
			<string>sourcecode.swift</string>
			<key>path</key>
			<string>SearchViewController.swift</string>
			<key>sourceTree</key>
			<string>&lt;group&gt;</string>
		</dict>
		<key>2F516B1E1D134E0D0078F8AA</key>
		<dict>
			<key>fileRef</key>
			<string>2F516B1D1D134E0D0078F8AA</string>
			<key>isa</key>
			<string>PBXBuildFile</string>
		</dict>
		<key>2F516B1F1D134E560078F8AA</key>
		<dict>
			<key>fileEncoding</key>
			<string>4</string>
			<key>isa</key>
			<string>PBXFileReference</string>
			<key>lastKnownFileType</key>
			<string>sourcecode.swift</string>
			<key>path</key>
			<string>FeedViewController.swift</string>
			<key>sourceTree</key>
			<string>&lt;group&gt;</string>
		</dict>
		<key>2F516B201D134E560078F8AA</key>
		<dict>
			<key>fileRef</key>
			<string>2F516B1F1D134E560078F8AA</string>
			<key>isa</key>
			<string>PBXBuildFile</string>
		</dict>
		<key>2F516B211D134E810078F8AA</key>
		<dict>
			<key>fileEncoding</key>
			<string>4</string>
			<key>isa</key>
			<string>PBXFileReference</string>
			<key>lastKnownFileType</key>
			<string>sourcecode.swift</string>
			<key>path</key>
			<string>ProfileViewController.swift</string>
			<key>sourceTree</key>
			<string>&lt;group&gt;</string>
		</dict>
		<key>2F516B221D134E810078F8AA</key>
		<dict>
			<key>fileRef</key>
			<string>2F516B211D134E810078F8AA</string>
			<key>isa</key>
			<string>PBXBuildFile</string>
		</dict>
		<key>2FDA984A1D1873150014CFF8</key>
		<dict>
			<key>fileEncoding</key>
			<string>4</string>
			<key>isa</key>
			<string>PBXFileReference</string>
			<key>lastKnownFileType</key>
			<string>file.storyboard</string>
			<key>path</key>
			<string>Camera.storyboard</string>
			<key>sourceTree</key>
			<string>&lt;group&gt;</string>
		</dict>
		<key>2FDA984B1D1873150014CFF8</key>
		<dict>
			<key>fileRef</key>
			<string>2FDA984A1D1873150014CFF8</string>
			<key>isa</key>
			<string>PBXBuildFile</string>
		</dict>
		<key>2FDA984E1D1883480014CFF8</key>
		<dict>
			<key>fileEncoding</key>
			<string>4</string>
			<key>isa</key>
			<string>PBXFileReference</string>
			<key>lastKnownFileType</key>
			<string>sourcecode.swift</string>
			<key>path</key>
			<string>CameraViewButton.swift</string>
			<key>sourceTree</key>
			<string>&lt;group&gt;</string>
		</dict>
		<key>2FDA984F1D1883480014CFF8</key>
		<dict>
			<key>fileRef</key>
			<string>2FDA984E1D1883480014CFF8</string>
			<key>isa</key>
			<string>PBXBuildFile</string>
		</dict>
		<key>5CD09523AC7E7C692313B2E9</key>
		<dict>
			<key>includeInIndex</key>
			<string>1</string>
			<key>isa</key>
			<string>PBXFileReference</string>
			<key>lastKnownFileType</key>
			<string>text.xcconfig</string>
			<key>name</key>
			<string>Pods-Instagram.release.xcconfig</string>
			<key>path</key>
			<string>Pods/Target Support Files/Pods-Instagram/Pods-Instagram.release.xcconfig</string>
			<key>sourceTree</key>
			<string>&lt;group&gt;</string>
		</dict>
		<key>66ED39770755EF02891F256B</key>
		<dict>
			<key>children</key>
			<array>
				<string>7C6401245C2EC354216FF573</string>
				<string>5CD09523AC7E7C692313B2E9</string>
			</array>
			<key>isa</key>
			<string>PBXGroup</string>
			<key>name</key>
			<string>Pods</string>
			<key>sourceTree</key>
			<string>&lt;group&gt;</string>
		</dict>
		<key>7C6401245C2EC354216FF573</key>
		<dict>
			<key>includeInIndex</key>
			<string>1</string>
			<key>isa</key>
			<string>PBXFileReference</string>
			<key>lastKnownFileType</key>
			<string>text.xcconfig</string>
			<key>name</key>
			<string>Pods-Instagram.debug.xcconfig</string>
			<key>path</key>
			<string>Pods/Target Support Files/Pods-Instagram/Pods-Instagram.debug.xcconfig</string>
			<key>sourceTree</key>
			<string>&lt;group&gt;</string>
		</dict>
		<key>953FA68982A63D79B73A4E87</key>
		<dict>
			<key>buildActionMask</key>
			<string>2147483647</string>
			<key>files</key>
			<array/>
			<key>inputPaths</key>
			<array/>
			<key>isa</key>
			<string>PBXShellScriptBuildPhase</string>
			<key>name</key>
			<string>[CP] Embed Pods Frameworks</string>
			<key>outputPaths</key>
			<array/>
			<key>runOnlyForDeploymentPostprocessing</key>
			<string>0</string>
			<key>shellPath</key>
			<string>/bin/sh</string>
			<key>shellScript</key>
			<string>"${SRCROOT}/Pods/Target Support Files/Pods-Instagram/Pods-Instagram-frameworks.sh"
</string>
			<key>showEnvVarsInLog</key>
			<string>0</string>
		</dict>
		<key>9CF3C4C4A532B3ED4FFD8502</key>
		<dict>
			<key>children</key>
			<array>
				<string>057C231D72393F210C381C96</string>
			</array>
			<key>isa</key>
			<string>PBXGroup</string>
			<key>name</key>
			<string>Frameworks</string>
			<key>sourceTree</key>
			<string>&lt;group&gt;</string>
		</dict>
		<key>A86F3B281D173CFF00C7C2B8</key>
		<dict>
			<key>fileEncoding</key>
			<string>4</string>
			<key>isa</key>
			<string>PBXFileReference</string>
			<key>lastKnownFileType</key>
			<string>sourcecode.swift</string>
			<key>path</key>
			<string>MyCollectionViewCell.swift</string>
			<key>sourceTree</key>
			<string>&lt;group&gt;</string>
		</dict>
		<key>A86F3B291D173CFF00C7C2B8</key>
		<dict>
			<key>fileRef</key>
			<string>A86F3B281D173CFF00C7C2B8</string>
			<key>isa</key>
			<string>PBXBuildFile</string>
		</dict>
		<key>A86F3B541D1852A200C7C2B8</key>
		<dict>
			<key>children</key>
			<array>
				<string>A86F3B551D1852A200C7C2B8</string>
			</array>
			<key>isa</key>
			<string>PBXVariantGroup</string>
			<key>name</key>
			<string>Profile.storyboard</string>
			<key>sourceTree</key>
			<string>&lt;group&gt;</string>
		</dict>
		<key>A86F3B551D1852A200C7C2B8</key>
		<dict>
			<key>isa</key>
			<string>PBXFileReference</string>
			<key>lastKnownFileType</key>
			<string>file.storyboard</string>
			<key>name</key>
			<string>Base</string>
			<key>path</key>
			<string>Base.lproj/Profile.storyboard</string>
			<key>sourceTree</key>
			<string>&lt;group&gt;</string>
		</dict>
		<key>A86F3B561D1852A200C7C2B8</key>
		<dict>
			<key>fileRef</key>
			<string>A86F3B541D1852A200C7C2B8</string>
			<key>isa</key>
			<string>PBXBuildFile</string>
		</dict>
		<key>A86F3B571D188C2B00C7C2B8</key>
		<dict>
			<key>fileEncoding</key>
			<string>4</string>
			<key>isa</key>
			<string>PBXFileReference</string>
			<key>lastKnownFileType</key>
			<string>sourcecode.swift</string>
			<key>path</key>
			<string>MediaItemTableViewCell.swift</string>
			<key>sourceTree</key>
			<string>&lt;group&gt;</string>
		</dict>
		<key>A86F3B581D188C2B00C7C2B8</key>
		<dict>
			<key>fileRef</key>
			<string>A86F3B571D188C2B00C7C2B8</string>
			<key>isa</key>
			<string>PBXBuildFile</string>
		</dict>
		<key>A86F3B591D1890E300C7C2B8</key>
		<dict>
			<key>fileEncoding</key>
			<string>4</string>
			<key>isa</key>
			<string>PBXFileReference</string>
			<key>lastKnownFileType</key>
			<string>sourcecode.swift</string>
			<key>path</key>
			<string>MediaItem.swift</string>
			<key>sourceTree</key>
			<string>&lt;group&gt;</string>
		</dict>
		<key>A86F3B5A1D1890E300C7C2B8</key>
		<dict>
			<key>fileRef</key>
			<string>A86F3B591D1890E300C7C2B8</string>
			<key>isa</key>
			<string>PBXBuildFile</string>
		</dict>
		<key>A86F3B5B1D19EA4500C7C2B8</key>
		<dict>
			<key>fileEncoding</key>
			<string>4</string>
			<key>isa</key>
			<string>PBXFileReference</string>
			<key>lastKnownFileType</key>
			<string>sourcecode.swift</string>
			<key>path</key>
			<string>DetailTableViewController.swift</string>
			<key>sourceTree</key>
			<string>&lt;group&gt;</string>
		</dict>
		<key>A86F3B5C1D19EA4500C7C2B8</key>
		<dict>
			<key>fileRef</key>
			<string>A86F3B5B1D19EA4500C7C2B8</string>
			<key>isa</key>
			<string>PBXBuildFile</string>
		</dict>
		<key>A8A999A91D160C28004250FB</key>
		<dict>
			<key>children</key>
			<array>
				<string>2F516B211D134E810078F8AA</string>
				<string>A8A999B01D172ADC004250FB</string>
				<string>A86F3B5B1D19EA4500C7C2B8</string>
				<string>A86F3B281D173CFF00C7C2B8</string>
				<string>A8A999AA1D160C4B004250FB</string>
				<string>A86F3B591D1890E300C7C2B8</string>
				<string>A86F3B571D188C2B00C7C2B8</string>
				<string>A8A999AC1D160DFF004250FB</string>
				<string>A8A999AE1D160E15004250FB</string>
			</array>
			<key>isa</key>
			<string>PBXGroup</string>
			<key>name</key>
			<string>ProfileView</string>
			<key>sourceTree</key>
			<string>&lt;group&gt;</string>
		</dict>
		<key>A8A999AA1D160C4B004250FB</key>
		<dict>
			<key>fileEncoding</key>
			<string>4</string>
			<key>isa</key>
			<string>PBXFileReference</string>
			<key>lastKnownFileType</key>
			<string>sourcecode.swift</string>
			<key>name</key>
			<string>ListViewController.swift</string>
			<key>path</key>
			<string>../ListViewController.swift</string>
			<key>sourceTree</key>
			<string>&lt;group&gt;</string>
		</dict>
		<key>A8A999AB1D160C4B004250FB</key>
		<dict>
			<key>fileRef</key>
			<string>A8A999AA1D160C4B004250FB</string>
			<key>isa</key>
			<string>PBXBuildFile</string>
		</dict>
		<key>A8A999AC1D160DFF004250FB</key>
		<dict>
			<key>fileEncoding</key>
			<string>4</string>
			<key>isa</key>
			<string>PBXFileReference</string>
			<key>lastKnownFileType</key>
			<string>sourcecode.swift</string>
			<key>path</key>
			<string>MapViewController.swift</string>
			<key>sourceTree</key>
			<string>&lt;group&gt;</string>
		</dict>
		<key>A8A999AD1D160DFF004250FB</key>
		<dict>
			<key>fileRef</key>
			<string>A8A999AC1D160DFF004250FB</string>
			<key>isa</key>
			<string>PBXBuildFile</string>
		</dict>
		<key>A8A999AE1D160E15004250FB</key>
		<dict>
			<key>fileEncoding</key>
			<string>4</string>
			<key>isa</key>
			<string>PBXFileReference</string>
			<key>lastKnownFileType</key>
			<string>sourcecode.swift</string>
			<key>name</key>
			<string>LastViewController.swift</string>
			<key>path</key>
			<string>../LastViewController.swift</string>
			<key>sourceTree</key>
			<string>&lt;group&gt;</string>
		</dict>
		<key>A8A999AF1D160E15004250FB</key>
		<dict>
			<key>fileRef</key>
			<string>A8A999AE1D160E15004250FB</string>
			<key>isa</key>
			<string>PBXBuildFile</string>
		</dict>
		<key>A8A999B01D172ADC004250FB</key>
		<dict>
			<key>fileEncoding</key>
			<string>4</string>
			<key>isa</key>
			<string>PBXFileReference</string>
			<key>lastKnownFileType</key>
			<string>sourcecode.swift</string>
			<key>path</key>
			<string>GridCollectionViewController.swift</string>
			<key>sourceTree</key>
			<string>&lt;group&gt;</string>
		</dict>
		<key>A8A999B11D172ADC004250FB</key>
		<dict>
			<key>fileRef</key>
			<string>A8A999B01D172ADC004250FB</string>
			<key>isa</key>
			<string>PBXBuildFile</string>
		</dict>
		<key>CE086345625BB77D03749E0B</key>
		<dict>
			<key>buildActionMask</key>
			<string>2147483647</string>
			<key>files</key>
			<array/>
			<key>inputPaths</key>
			<array/>
			<key>isa</key>
			<string>PBXShellScriptBuildPhase</string>
			<key>name</key>
			<string>[CP] Copy Pods Resources</string>
			<key>outputPaths</key>
			<array/>
			<key>runOnlyForDeploymentPostprocessing</key>
			<string>0</string>
			<key>shellPath</key>
			<string>/bin/sh</string>
			<key>shellScript</key>
			<string>"${SRCROOT}/Pods/Target Support Files/Pods-Instagram/Pods-Instagram-resources.sh"
</string>
			<key>showEnvVarsInLog</key>
			<string>0</string>
		</dict>
		<key>D29422F87E7BDA9A36A43A3C</key>
		<dict>
			<key>buildActionMask</key>
			<string>2147483647</string>
			<key>files</key>
			<array/>
			<key>inputPaths</key>
			<array/>
			<key>isa</key>
			<string>PBXShellScriptBuildPhase</string>
			<key>name</key>
			<string>[CP] Check Pods Manifest.lock</string>
			<key>outputPaths</key>
			<array/>
			<key>runOnlyForDeploymentPostprocessing</key>
			<string>0</string>
			<key>shellPath</key>
			<string>/bin/sh</string>
			<key>shellScript</key>
			<string>diff "${PODS_ROOT}/../Podfile.lock" "${PODS_ROOT}/Manifest.lock" &gt; /dev/null
if [[ $? != 0 ]] ; then
    cat &lt;&lt; EOM
error: The sandbox is not in sync with the Podfile.lock. Run 'pod install' or update your CocoaPods installation.
EOM
    exit 1
fi
</string>
			<key>showEnvVarsInLog</key>
			<string>0</string>
		</dict>
		<key>DDAB5814932ADB72CA5D8E6A</key>
		<dict>
			<key>fileRef</key>
			<string>057C231D72393F210C381C96</string>
			<key>isa</key>
			<string>PBXBuildFile</string>
		</dict>
	</dict>
	<key>rootObject</key>
	<string>2F516AF91D134B4C0078F8AA</string>
</dict>
</plist>
